
Microsoft Visual Studio Solution File, Format Version 11.00
# Visual Studio 2010
Project("{FAE04EC0-301F-11D3-BF4B-00C04F79EFBC}") = "Demo_1_XOr", "Demo_1_XOr\Demo_1_XOr.csproj", "{BC99E396-1EF6-4AC7-90D7-EF5B0F06C929}"
EndProject
Project("{FAE04EC0-301F-11D3-BF4B-00C04F79EFBC}") = "Demo_2_CompoundLogic", "Demo_2_CompoundLogic\Demo_2_CompoundLogic.csproj", "{A811E02C-A0F2-4BA5-A939-B4349ACE2E65}"
EndProject
Project("{FAE04EC0-301F-11D3-BF4B-00C04F79EFBC}") = "neuro.net", "neuro.net\neuro.net.csproj", "{E7956E73-DBFD-4799-9B28-CAD3452457C9}"
EndProject
Project("{FAE04EC0-301F-11D3-BF4B-00C04F79EFBC}") = "UnitTests", "UnitTests\UnitTests.csproj", "{EE8BD706-992D-446A-BCCE-724DB56238F8}"
EndProject
Project("{2150E333-8FDC-42A3-9474-1A3956D46DE8}") = "Solution Items", "Solution Items", "{701A9E94-7B61-4914-B769-0224C44BC953}"
EndProject
Global
	GlobalSection(SolutionConfigurationPlatforms) = preSolution
		Debug|Any CPU = Debug|Any CPU
		Debug|Mixed Platforms = Debug|Mixed Platforms
		Debug|x86 = Debug|x86
		Release|Any CPU = Release|Any CPU
		Release|Mixed Platforms = Release|Mixed Platforms
		Release|x86 = Release|x86
	EndGlobalSection
	GlobalSection(ProjectConfigurationPlatforms) = postSolution
		{BC99E396-1EF6-4AC7-90D7-EF5B0F06C929}.Debug|Any CPU.ActiveCfg = Debug|x86
		{BC99E396-1EF6-4AC7-90D7-EF5B0F06C929}.Debug|Mixed Platforms.ActiveCfg = Debug|x86
		{BC99E396-1EF6-4AC7-90D7-EF5B0F06C929}.Debug|Mixed Platforms.Build.0 = Debug|x86
		{BC99E396-1EF6-4AC7-90D7-EF5B0F06C929}.Debug|x86.ActiveCfg = Debug|x86
		{BC99E396-1EF6-4AC7-90D7-EF5B0F06C929}.Debug|x86.Build.0 = Debug|x86
		{BC99E396-1EF6-4AC7-90D7-EF5B0F06C929}.Release|Any CPU.ActiveCfg = Release|x86
		{BC99E396-1EF6-4AC7-90D7-EF5B0F06C929}.Release|Mixed Platforms.ActiveCfg = Release|x86
		{BC99E396-1EF6-4AC7-90D7-EF5B0F06C929}.Release|Mixed Platforms.Build.0 = Release|x86
		{BC99E396-1EF6-4AC7-90D7-EF5B0F06C929}.Release|x86.ActiveCfg = Release|x86
		{BC99E396-1EF6-4AC7-90D7-EF5B0F06C929}.Release|x86.Build.0 = Release|x86
		{A811E02C-A0F2-4BA5-A939-B4349ACE2E65}.Debug|Any CPU.ActiveCfg = Debug|x86
		{A811E02C-A0F2-4BA5-A939-B4349ACE2E65}.Debug|Mixed Platforms.ActiveCfg = Debug|x86
		{A811E02C-A0F2-4BA5-A939-B4349ACE2E65}.Debug|Mixed Platforms.Build.0 = Debug|x86
		{A811E02C-A0F2-4BA5-A939-B4349ACE2E65}.Debug|x86.ActiveCfg = Debug|x86
		{A811E02C-A0F2-4BA5-A939-B4349ACE2E65}.Debug|x86.Build.0 = Debug|x86
		{A811E02C-A0F2-4BA5-A939-B4349ACE2E65}.Release|Any CPU.ActiveCfg = Release|x86
		{A811E02C-A0F2-4BA5-A939-B4349ACE2E65}.Release|Mixed Platforms.ActiveCfg = Release|x86
		{A811E02C-A0F2-4BA5-A939-B4349ACE2E65}.Release|Mixed Platforms.Build.0 = Release|x86
		{A811E02C-A0F2-4BA5-A939-B4349ACE2E65}.Release|x86.ActiveCfg = Release|x86
		{A811E02C-A0F2-4BA5-A939-B4349ACE2E65}.Release|x86.Build.0 = Release|x86
		{E7956E73-DBFD-4799-9B28-CAD3452457C9}.Debug|Any CPU.ActiveCfg = Debug|Any CPU
		{E7956E73-DBFD-4799-9B28-CAD3452457C9}.Debug|Any CPU.Build.0 = Debug|Any CPU
		{E7956E73-DBFD-4799-9B28-CAD3452457C9}.Debug|Mixed Platforms.ActiveCfg = Debug|Any CPU
		{E7956E73-DBFD-4799-9B28-CAD3452457C9}.Debug|Mixed Platforms.Build.0 = Debug|Any CPU
		{E7956E73-DBFD-4799-9B28-CAD3452457C9}.Debug|x86.ActiveCfg = Debug|Any CPU
		{E7956E73-DBFD-4799-9B28-CAD3452457C9}.Release|Any CPU.ActiveCfg = Release|Any CPU
		{E7956E73-DBFD-4799-9B28-CAD3452457C9}.Release|Any CPU.Build.0 = Release|Any CPU
		{E7956E73-DBFD-4799-9B28-CAD3452457C9}.Release|Mixed Platforms.ActiveCfg = Release|Any CPU
		{E7956E73-DBFD-4799-9B28-CAD3452457C9}.Release|Mixed Platforms.Build.0 = Release|Any CPU
		{E7956E73-DBFD-4799-9B28-CAD3452457C9}.Release|x86.ActiveCfg = Release|Any CPU
		{EE8BD706-992D-446A-BCCE-724DB56238F8}.Debug|Any CPU.ActiveCfg = Debug|Any CPU
		{EE8BD706-992D-446A-BCCE-724DB56238F8}.Debug|Any CPU.Build.0 = Debug|Any CPU
		{EE8BD706-992D-446A-BCCE-724DB56238F8}.Debug|Mixed Platforms.ActiveCfg = Debug|Any CPU
		{EE8BD706-992D-446A-BCCE-724DB56238F8}.Debug|Mixed Platforms.Build.0 = Debug|Any CPU
		{EE8BD706-992D-446A-BCCE-724DB56238F8}.Debug|x86.ActiveCfg = Debug|Any CPU
		{EE8BD706-992D-446A-BCCE-724DB56238F8}.Release|Any CPU.ActiveCfg = Release|Any CPU
		{EE8BD706-992D-446A-BCCE-724DB56238F8}.Release|Any CPU.Build.0 = Release|Any CPU
		{EE8BD706-992D-446A-BCCE-724DB56238F8}.Release|Mixed Platforms.ActiveCfg = Release|Any CPU
		{EE8BD706-992D-446A-BCCE-724DB56238F8}.Release|Mixed Platforms.Build.0 = Release|Any CPU
		{EE8BD706-992D-446A-BCCE-724DB56238F8}.Release|x86.ActiveCfg = Release|Any CPU
	EndGlobalSection
	GlobalSection(SolutionProperties) = preSolution
		HideSolutionNode = FALSE
	EndGlobalSection
EndGlobal
